{
  "version": 4,
  "terraform_version": "1.14.8",
  "serial": 262,
  "lineage": "84851d84-6f30-b0b5-2c56-e8ae6ec72414",
  "outputs": {
    "master_public_ip": {
      "value": "85.211.240.116",
      "type": "string"
    }
  },
  "resources": [
    {
      "mode": "managed",
      "type": "azurerm_linux_virtual_machine",
      "name": "master",
      "provider": "provider[\"registry.terraform.io/hashicorp/azurerm\"]",
      "instances": [
        {
          "schema_version": 0,
          "attributes": {
            "additional_capabilities": [],
            "admin_password": null,
            "admin_ssh_key": [
              {
                "public_key": "ssh-rsa AAAAB3NzaC1yc2EAAAADAQABAAACAQC2LseDVp7kTMkSZ5IbffPGHG057PnULHvNIAOMVZZzm4GR8lDdnZ+YbHe+PpGW4c2sOCdDJy1cfyyDLgoi7k6k39ZFQzhdLai4/NYc7yd3ODn63UP9gNFq7PI8ik0FtOadRbQSD62aa24BcXZrJaWEPV8IkYJF8oy6HviuSH3YfhyyI+YKR8aQTgN53K0uKSnUvzKIxYLBk8v/V1xKm1TjcB9+8IVGjIfzGLpqYN/btNVOChajWJYezteerEhSPuaa6AIoTCkYi3D/+NV3s256jfs2BHT3HdfZygfLHH4tVNTkYUe27QnlQ1goo1LCfw44271aMahgBYYW/9W2fc+al8Q+E6WvDb9wm1b9MobKXHHHOBzsex6HfGTSpsLiSluUIqflr7dErSA2FjGFJlwJ16HKi89kyAdaaP+ZIfj8OgYMD0P6TgCKcHLa6G+vKuHdyR/5DY0JHlCmFznl74Di8o4vIvZPVGDbrIjPF7ScL9AiNPR8NdxWxgzQaHGnAGMWD3Yi1AzVAZN9yQ2fs7gaZRMRgqKcarMtx4WYCLKHzmFjl0AcpjaoGGhnQKhiOYa783lVsWSD9vVstlpbEr+zQ16AgDyfZByaTUEy3Q4skutyGFTDtcHOFTGyEkxj3qcEj1/XYYfyKN1qiqANXgTCmBpbwaUpyaxpnErGNQpfgQ== ekin@ekin-NDZ-WXX9",
                "username": "azureuser"
              }
            ],
            "admin_username": "azureuser",
            "allow_extension_operations": true,
            "availability_set_id": "",
            "boot_diagnostics": [],
            "bypass_platform_safety_checks_on_user_schedule_enabled": false,
            "capacity_reservation_group_id": "",
            "computer_name": "k8s-master",
            "custom_data": null,
            "dedicated_host_group_id": "",
            "dedicated_host_id": "",
            "disable_password_authentication": true,
            "disk_controller_type": "",
            "edge_zone": "",
            "encryption_at_host_enabled": false,
            "eviction_policy": "",
            "extensions_time_budget": "PT1H30M",
            "gallery_application": [],
            "id": "/subscriptions/d40d8beb-1741-4b53-9011-2487884a6a32/resourceGroups/kubernes-resource-group/providers/Microsoft.Compute/virtualMachines/k8s-master",
            "identity": [],
            "license_type": "",
            "location": "malaysiawest",
            "max_bid_price": -1,
            "name": "k8s-master",
            "network_interface_ids": [
              "/subscriptions/d40d8beb-1741-4b53-9011-2487884a6a32/resourceGroups/kubernes-resource-group/providers/Microsoft.Network/networkInterfaces/master-nic"
            ],
            "os_disk": [
              {
                "caching": "ReadWrite",
                "diff_disk_settings": [],
                "disk_encryption_set_id": "",
                "disk_size_gb": 30,
                "name": "k8s-master_disk1_cc17e154723b47069bac5aaaf6264f76",
                "secure_vm_disk_encryption_set_id": "",
                "security_encryption_type": "",
                "storage_account_type": "Standard_LRS",
                "write_accelerator_enabled": false
              }
            ],
            "os_image_notification": [],
            "patch_assessment_mode": "ImageDefault",
            "patch_mode": "ImageDefault",
            "plan": [],
            "platform_fault_domain": -1,
            "priority": "Regular",
            "private_ip_address": "10.0.1.7",
            "private_ip_addresses": [
              "10.0.1.7"
            ],
            "provision_vm_agent": true,
            "proximity_placement_group_id": "",
            "public_ip_address": "85.211.240.116",
            "public_ip_addresses": [
              "85.211.240.116"
            ],
            "reboot_setting": "",
            "resource_group_name": "kubernes-resource-group",
            "secret": [],
            "secure_boot_enabled": false,
            "size": "Standard_D2s_v3",
            "source_image_id": "",
            "source_image_reference": [
              {
                "offer": "0001-com-ubuntu-server-jammy",
                "publisher": "Canonical",
                "sku": "22_04-lts",
                "version": "latest"
              }
            ],
            "tags": null,
            "termination_notification": null,
            "timeouts": null,
            "user_data": "",
            "virtual_machine_id": "6e6b00eb-2233-4ddf-bd4b-9ad3bd019191",
            "virtual_machine_scale_set_id": "",
            "vm_agent_platform_updates_enabled": false,
            "vtpm_enabled": false,
            "zone": ""
          },
          "sensitive_attributes": [
            [
              {
                "type": "get_attr",
                "value": "admin_password"
              }
            ],
            [
              {
                "type": "get_attr",
                "value": "custom_data"
              }
            ]
          ],
          "identity_schema_version": 0,
          "private": "eyJlMmJmYjczMC1lY2FhLTExZTYtOGY4OC0zNDM2M2JjN2M0YzAiOnsiY3JlYXRlIjoyNzAwMDAwMDAwMDAwLCJkZWxldGUiOjI3MDAwMDAwMDAwMDAsInJlYWQiOjMwMDAwMDAwMDAwMCwidXBkYXRlIjoyNzAwMDAwMDAwMDAwfX0=",
          "dependencies": [
            "azurerm_network_interface.master_nic",
            "azurerm_public_ip.master_pip",
            "azurerm_resource_group.rg",
            "azurerm_subnet.subnet",
            "azurerm_virtual_network.vnet"
          ]
        }
      ]
    },
    {
      "mode": "managed",
      "type": "azurerm_linux_virtual_machine",
      "name": "worker",
      "provider": "provider[\"registry.terraform.io/hashicorp/azurerm\"]",
      "instances": [
        {
          "index_key": 0,
          "schema_version": 0,
          "attributes": {
            "additional_capabilities": [],
            "admin_password": null,
            "admin_ssh_key": [
              {
                "public_key": "ssh-rsa AAAAB3NzaC1yc2EAAAADAQABAAACAQC2LseDVp7kTMkSZ5IbffPGHG057PnULHvNIAOMVZZzm4GR8lDdnZ+YbHe+PpGW4c2sOCdDJy1cfyyDLgoi7k6k39ZFQzhdLai4/NYc7yd3ODn63UP9gNFq7PI8ik0FtOadRbQSD62aa24BcXZrJaWEPV8IkYJF8oy6HviuSH3YfhyyI+YKR8aQTgN53K0uKSnUvzKIxYLBk8v/V1xKm1TjcB9+8IVGjIfzGLpqYN/btNVOChajWJYezteerEhSPuaa6AIoTCkYi3D/+NV3s256jfs2BHT3HdfZygfLHH4tVNTkYUe27QnlQ1goo1LCfw44271aMahgBYYW/9W2fc+al8Q+E6WvDb9wm1b9MobKXHHHOBzsex6HfGTSpsLiSluUIqflr7dErSA2FjGFJlwJ16HKi89kyAdaaP+ZIfj8OgYMD0P6TgCKcHLa6G+vKuHdyR/5DY0JHlCmFznl74Di8o4vIvZPVGDbrIjPF7ScL9AiNPR8NdxWxgzQaHGnAGMWD3Yi1AzVAZN9yQ2fs7gaZRMRgqKcarMtx4WYCLKHzmFjl0AcpjaoGGhnQKhiOYa783lVsWSD9vVstlpbEr+zQ16AgDyfZByaTUEy3Q4skutyGFTDtcHOFTGyEkxj3qcEj1/XYYfyKN1qiqANXgTCmBpbwaUpyaxpnErGNQpfgQ== ekin@ekin-NDZ-WXX9",
                "username": "azureuser"
              }
            ],
            "admin_username": "azureuser",
            "allow_extension_operations": true,
            "availability_set_id": "",
            "boot_diagnostics": [],
            "bypass_platform_safety_checks_on_user_schedule_enabled": false,
            "capacity_reservation_group_id": "",
            "computer_name": "k8s-worker-1",
            "custom_data": null,
            "dedicated_host_group_id": "",
            "dedicated_host_id": "",
            "disable_password_authentication": true,
            "disk_controller_type": "",
            "edge_zone": "",
            "encryption_at_host_enabled": false,
            "eviction_policy": "",
            "extensions_time_budget": "PT1H30M",
            "gallery_application": [],
            "id": "/subscriptions/d40d8beb-1741-4b53-9011-2487884a6a32/resourceGroups/kubernes-resource-group/providers/Microsoft.Compute/virtualMachines/k8s-worker-1",
            "identity": [],
            "license_type": "",
            "location": "malaysiawest",
            "max_bid_price": -1,
            "name": "k8s-worker-1",
            "network_interface_ids": [
              "/subscriptions/d40d8beb-1741-4b53-9011-2487884a6a32/resourceGroups/kubernes-resource-group/providers/Microsoft.Network/networkInterfaces/worker-nic-0"
            ],
            "os_disk": [
              {
                "caching": "ReadWrite",
                "diff_disk_settings": [],
                "disk_encryption_set_id": "",
                "disk_size_gb": 30,
                "name": "k8s-worker-1_disk1_f6c5bf72b5bf475e91e39c87f3e4ca6e",
                "secure_vm_disk_encryption_set_id": "",
                "security_encryption_type": "",
                "storage_account_type": "Standard_LRS",
                "write_accelerator_enabled": false
              }
            ],
            "os_image_notification": [],
            "patch_assessment_mode": "ImageDefault",
            "patch_mode": "ImageDefault",
            "plan": [],
            "platform_fault_domain": -1,
            "priority": "Regular",
            "private_ip_address": "10.0.1.4",
            "private_ip_addresses": [
              "10.0.1.4"
            ],
            "provision_vm_agent": true,
            "proximity_placement_group_id": "",
            "public_ip_address": "",
            "public_ip_addresses": [],
            "reboot_setting": "",
            "resource_group_name": "kubernes-resource-group",
            "secret": [],
            "secure_boot_enabled": false,
            "size": "Standard_D2s_v3",
            "source_image_id": "",
            "source_image_reference": [
              {
                "offer": "0001-com-ubuntu-server-jammy",
                "publisher": "Canonical",
                "sku": "22_04-lts",
                "version": "latest"
              }
            ],
            "tags": null,
            "termination_notification": null,
            "timeouts": null,
            "user_data": "",
            "virtual_machine_id": "6454c3d9-363b-4d9e-b41a-c8e4afb3644b",
            "virtual_machine_scale_set_id": "",
            "vm_agent_platform_updates_enabled": false,
            "vtpm_enabled": false,
            "zone": ""
          },
          "sensitive_attributes": [
            [
              {
                "type": "get_attr",
                "value": "admin_password"
              }
            ],
            [
              {
                "type": "get_attr",
                "value": "custom_data"
              }
            ]
          ],
          "identity_schema_version": 0,
          "private": "eyJlMmJmYjczMC1lY2FhLTExZTYtOGY4OC0zNDM2M2JjN2M0YzAiOnsiY3JlYXRlIjoyNzAwMDAwMDAwMDAwLCJkZWxldGUiOjI3MDAwMDAwMDAwMDAsInJlYWQiOjMwMDAwMDAwMDAwMCwidXBkYXRlIjoyNzAwMDAwMDAwMDAwfX0=",
          "dependencies": [
            "azurerm_network_interface.worker_nic",
            "azurerm_resource_group.rg",
            "azurerm_subnet.subnet",
            "azurerm_virtual_network.vnet"
          ]
        },
        {
          "index_key": 1,
          "schema_version": 0,
          "attributes": {
            "additional_capabilities": [],
            "admin_password": null,
            "admin_ssh_key": [
              {
                "public_key": "ssh-rsa AAAAB3NzaC1yc2EAAAADAQABAAACAQC2LseDVp7kTMkSZ5IbffPGHG057PnULHvNIAOMVZZzm4GR8lDdnZ+YbHe+PpGW4c2sOCdDJy1cfyyDLgoi7k6k39ZFQzhdLai4/NYc7yd3ODn63UP9gNFq7PI8ik0FtOadRbQSD62aa24BcXZrJaWEPV8IkYJF8oy6HviuSH3YfhyyI+YKR8aQTgN53K0uKSnUvzKIxYLBk8v/V1xKm1TjcB9+8IVGjIfzGLpqYN/btNVOChajWJYezteerEhSPuaa6AIoTCkYi3D/+NV3s256jfs2BHT3HdfZygfLHH4tVNTkYUe27QnlQ1goo1LCfw44271aMahgBYYW/9W2fc+al8Q+E6WvDb9wm1b9MobKXHHHOBzsex6HfGTSpsLiSluUIqflr7dErSA2FjGFJlwJ16HKi89kyAdaaP+ZIfj8OgYMD0P6TgCKcHLa6G+vKuHdyR/5DY0JHlCmFznl74Di8o4vIvZPVGDbrIjPF7ScL9AiNPR8NdxWxgzQaHGnAGMWD3Yi1AzVAZN9yQ2fs7gaZRMRgqKcarMtx4WYCLKHzmFjl0AcpjaoGGhnQKhiOYa783lVsWSD9vVstlpbEr+zQ16AgDyfZByaTUEy3Q4skutyGFTDtcHOFTGyEkxj3qcEj1/XYYfyKN1qiqANXgTCmBpbwaUpyaxpnErGNQpfgQ== ekin@ekin-NDZ-WXX9",
                "username": "azureuser"
              }
            ],
            "admin_username": "azureuser",
            "allow_extension_operations": true,
            "availability_set_id": "",
            "boot_diagnostics": [],
            "bypass_platform_safety_checks_on_user_schedule_enabled": false,
            "capacity_reservation_group_id": "",
            "computer_name": "k8s-worker-2",
            "custom_data": null,
            "dedicated_host_group_id": "",
            "dedicated_host_id": "",
            "disable_password_authentication": true,
            "disk_controller_type": "",
            "edge_zone": "",
            "encryption_at_host_enabled": false,
            "eviction_policy": "",
            "extensions_time_budget": "PT1H30M",
            "gallery_application": [],
            "id": "/subscriptions/d40d8beb-1741-4b53-9011-2487884a6a32/resourceGroups/kubernes-resource-group/providers/Microsoft.Compute/virtualMachines/k8s-worker-2",
            "identity": [],
            "license_type": "",
            "location": "malaysiawest",
            "max_bid_price": -1,
            "name": "k8s-worker-2",
            "network_interface_ids": [
              "/subscriptions/d40d8beb-1741-4b53-9011-2487884a6a32/resourceGroups/kubernes-resource-group/providers/Microsoft.Network/networkInterfaces/worker-nic-1"
            ],
            "os_disk": [
              {
                "caching": "ReadWrite",
                "diff_disk_settings": [],
                "disk_encryption_set_id": "",
                "disk_size_gb": 30,
                "name": "k8s-worker-2_disk1_0a232a354e074cf2af6087f5748e3f3c",
                "secure_vm_disk_encryption_set_id": "",
                "security_encryption_type": "",
                "storage_account_type": "Standard_LRS",
                "write_accelerator_enabled": false
              }
            ],
            "os_image_notification": [],
            "patch_assessment_mode": "ImageDefault",
            "patch_mode": "ImageDefault",
            "plan": [],
            "platform_fault_domain": -1,
            "priority": "Regular",
            "private_ip_address": "10.0.1.5",
            "private_ip_addresses": [
              "10.0.1.5"
            ],
            "provision_vm_agent": true,
            "proximity_placement_group_id": "",
            "public_ip_address": "",
            "public_ip_addresses": [],
            "reboot_setting": "",
            "resource_group_name": "kubernes-resource-group",
            "secret": [],
            "secure_boot_enabled": false,
            "size": "Standard_D2s_v3",
            "source_image_id": "",
            "source_image_reference": [
              {
                "offer": "0001-com-ubuntu-server-jammy",
                "publisher": "Canonical",
                "sku": "22_04-lts",
                "version": "latest"
              }
            ],
            "tags": null,
            "termination_notification": null,
            "timeouts": null,
            "user_data": "",
            "virtual_machine_id": "eafcf5fb-3288-4a6a-ad61-e41654c1fb9c",
            "virtual_machine_scale_set_id": "",
            "vm_agent_platform_updates_enabled": false,
            "vtpm_enabled": false,
            "zone": ""
          },
          "sensitive_attributes": [
            [
              {
                "type": "get_attr",
                "value": "admin_password"
              }
            ],
            [
              {
                "type": "get_attr",
                "value": "custom_data"
              }
            ]
          ],
          "identity_schema_version": 0,
          "private": "eyJlMmJmYjczMC1lY2FhLTExZTYtOGY4OC0zNDM2M2JjN2M0YzAiOnsiY3JlYXRlIjoyNzAwMDAwMDAwMDAwLCJkZWxldGUiOjI3MDAwMDAwMDAwMDAsInJlYWQiOjMwMDAwMDAwMDAwMCwidXBkYXRlIjoyNzAwMDAwMDAwMDAwfX0=",
          "dependencies": [
            "azurerm_network_interface.worker_nic",
            "azurerm_resource_group.rg",
            "azurerm_subnet.subnet",
            "azurerm_virtual_network.vnet"
          ]
        }
      ]
    },
    {
      "mode": "managed",
      "type": "azurerm_network_interface",
      "name": "master_nic",
      "provider": "provider[\"registry.terraform.io/hashicorp/azurerm\"]",
      "instances": [
        {
          "schema_version": 0,
          "attributes": {
            "accelerated_networking_enabled": false,
            "applied_dns_servers": [],
            "auxiliary_mode": "",
            "auxiliary_sku": "",
            "dns_servers": [],
            "edge_zone": "",
            "enable_accelerated_networking": false,
            "enable_ip_forwarding": false,
            "id": "/subscriptions/d40d8beb-1741-4b53-9011-2487884a6a32/resourceGroups/kubernes-resource-group/providers/Microsoft.Network/networkInterfaces/master-nic",
            "internal_dns_name_label": "",
            "internal_domain_name_suffix": "wqy5k4yhbv0evgos2iyjn0d2tg.kulx.internal.cloudapp.net",
            "ip_configuration": [
              {
                "gateway_load_balancer_frontend_ip_configuration_id": "",
                "name": "internal",
                "primary": true,
                "private_ip_address": "10.0.1.7",
                "private_ip_address_allocation": "Dynamic",
                "private_ip_address_version": "IPv4",
                "public_ip_address_id": "/subscriptions/d40d8beb-1741-4b53-9011-2487884a6a32/resourceGroups/kubernes-resource-group/providers/Microsoft.Network/publicIPAddresses/k8s-master-pip",
                "subnet_id": "/subscriptions/d40d8beb-1741-4b53-9011-2487884a6a32/resourceGroups/kubernes-resource-group/providers/Microsoft.Network/virtualNetworks/k8s-vnet/subnets/k8s-subnet"
              }
            ],
            "ip_forwarding_enabled": false,
            "location": "malaysiawest",
            "mac_address": "",
            "name": "master-nic",
            "private_ip_address": "10.0.1.7",
            "private_ip_addresses": [
              "10.0.1.7"
            ],
            "resource_group_name": "kubernes-resource-group",
            "tags": null,
            "timeouts": null,
            "virtual_machine_id": ""
          },
          "sensitive_attributes": [],
          "identity_schema_version": 0,
          "private": "eyJlMmJmYjczMC1lY2FhLTExZTYtOGY4OC0zNDM2M2JjN2M0YzAiOnsiY3JlYXRlIjoxODAwMDAwMDAwMDAwLCJkZWxldGUiOjE4MDAwMDAwMDAwMDAsInJlYWQiOjMwMDAwMDAwMDAwMCwidXBkYXRlIjoxODAwMDAwMDAwMDAwfX0=",
          "dependencies": [
            "azurerm_public_ip.master_pip",
            "azurerm_resource_group.rg",
            "azurerm_subnet.subnet",
            "azurerm_virtual_network.vnet"
          ]
        }
      ]
    },
    {
      "mode": "managed",
      "type": "azurerm_network_interface",
      "name": "worker_nic",
      "provider": "provider[\"registry.terraform.io/hashicorp/azurerm\"]",
      "instances": [
        {
          "index_key": 0,
          "schema_version": 0,
          "attributes": {
            "accelerated_networking_enabled": false,
            "applied_dns_servers": [],
            "auxiliary_mode": "",
            "auxiliary_sku": "",
            "dns_servers": [],
            "edge_zone": "",
            "enable_accelerated_networking": false,
            "enable_ip_forwarding": false,
            "id": "/subscriptions/d40d8beb-1741-4b53-9011-2487884a6a32/resourceGroups/kubernes-resource-group/providers/Microsoft.Network/networkInterfaces/worker-nic-0",
            "internal_dns_name_label": "",
            "internal_domain_name_suffix": "wqy5k4yhbv0evgos2iyjn0d2tg.kulx.internal.cloudapp.net",
            "ip_configuration": [
              {
                "gateway_load_balancer_frontend_ip_configuration_id": "",
                "name": "internal",
                "primary": true,
                "private_ip_address": "10.0.1.4",
                "private_ip_address_allocation": "Dynamic",
                "private_ip_address_version": "IPv4",
                "public_ip_address_id": "",
                "subnet_id": "/subscriptions/d40d8beb-1741-4b53-9011-2487884a6a32/resourceGroups/kubernes-resource-group/providers/Microsoft.Network/virtualNetworks/k8s-vnet/subnets/k8s-subnet"
              }
            ],
            "ip_forwarding_enabled": false,
            "location": "malaysiawest",
            "mac_address": "",
            "name": "worker-nic-0",
            "private_ip_address": "10.0.1.4",
            "private_ip_addresses": [
              "10.0.1.4"
            ],
            "resource_group_name": "kubernes-resource-group",
            "tags": null,
            "timeouts": null,
            "virtual_machine_id": ""
          },
          "sensitive_attributes": [],
          "identity_schema_version": 0,
          "private": "eyJlMmJmYjczMC1lY2FhLTExZTYtOGY4OC0zNDM2M2JjN2M0YzAiOnsiY3JlYXRlIjoxODAwMDAwMDAwMDAwLCJkZWxldGUiOjE4MDAwMDAwMDAwMDAsInJlYWQiOjMwMDAwMDAwMDAwMCwidXBkYXRlIjoxODAwMDAwMDAwMDAwfX0=",
          "dependencies": [
            "azurerm_resource_group.rg",
            "azurerm_subnet.subnet",
            "azurerm_virtual_network.vnet"
          ]
        },
        {
          "index_key": 1,
          "schema_version": 0,
          "attributes": {
            "accelerated_networking_enabled": false,
            "applied_dns_servers": [],
            "auxiliary_mode": "",
            "auxiliary_sku": "",
            "dns_servers": [],
            "edge_zone": "",
            "enable_accelerated_networking": false,
            "enable_ip_forwarding": false,
            "id": "/subscriptions/d40d8beb-1741-4b53-9011-2487884a6a32/resourceGroups/kubernes-resource-group/providers/Microsoft.Network/networkInterfaces/worker-nic-1",
            "internal_dns_name_label": "",
            "internal_domain_name_suffix": "wqy5k4yhbv0evgos2iyjn0d2tg.kulx.internal.cloudapp.net",
            "ip_configuration": [
              {
                "gateway_load_balancer_frontend_ip_configuration_id": "",
                "name": "internal",
                "primary": true,
                "private_ip_address": "10.0.1.5",
                "private_ip_address_allocation": "Dynamic",
                "private_ip_address_version": "IPv4",
                "public_ip_address_id": "",
                "subnet_id": "/subscriptions/d40d8beb-1741-4b53-9011-2487884a6a32/resourceGroups/kubernes-resource-group/providers/Microsoft.Network/virtualNetworks/k8s-vnet/subnets/k8s-subnet"
              }
            ],
            "ip_forwarding_enabled": false,
            "location": "malaysiawest",
            "mac_address": "",
            "name": "worker-nic-1",
            "private_ip_address": "10.0.1.5",
            "private_ip_addresses": [
              "10.0.1.5"
            ],
            "resource_group_name": "kubernes-resource-group",
            "tags": null,
            "timeouts": null,
            "virtual_machine_id": ""
          },
          "sensitive_attributes": [],
          "identity_schema_version": 0,
          "private": "eyJlMmJmYjczMC1lY2FhLTExZTYtOGY4OC0zNDM2M2JjN2M0YzAiOnsiY3JlYXRlIjoxODAwMDAwMDAwMDAwLCJkZWxldGUiOjE4MDAwMDAwMDAwMDAsInJlYWQiOjMwMDAwMDAwMDAwMCwidXBkYXRlIjoxODAwMDAwMDAwMDAwfX0=",
          "dependencies": [
            "azurerm_resource_group.rg",
            "azurerm_subnet.subnet",
            "azurerm_virtual_network.vnet"
          ]
        },
        {
          "index_key": 2,
          "schema_version": 0,
          "attributes": {
            "accelerated_networking_enabled": false,
            "applied_dns_servers": [],
            "auxiliary_mode": "",
            "auxiliary_sku": "",
            "dns_servers": [],
            "edge_zone": "",
            "enable_accelerated_networking": false,
            "enable_ip_forwarding": false,
            "id": "/subscriptions/d40d8beb-1741-4b53-9011-2487884a6a32/resourceGroups/kubernes-resource-group/providers/Microsoft.Network/networkInterfaces/worker-nic-2",
            "internal_dns_name_label": "",
            "internal_domain_name_suffix": "wqy5k4yhbv0evgos2iyjn0d2tg.kulx.internal.cloudapp.net",
            "ip_configuration": [
              {
                "gateway_load_balancer_frontend_ip_configuration_id": "",
                "name": "internal",
                "primary": true,
                "private_ip_address": "10.0.1.6",
                "private_ip_address_allocation": "Dynamic",
                "private_ip_address_version": "IPv4",
                "public_ip_address_id": "",
                "subnet_id": "/subscriptions/d40d8beb-1741-4b53-9011-2487884a6a32/resourceGroups/kubernes-resource-group/providers/Microsoft.Network/virtualNetworks/k8s-vnet/subnets/k8s-subnet"
              }
            ],
            "ip_forwarding_enabled": false,
            "location": "malaysiawest",
            "mac_address": "",
            "name": "worker-nic-2",
            "private_ip_address": "10.0.1.6",
            "private_ip_addresses": [
              "10.0.1.6"
            ],
            "resource_group_name": "kubernes-resource-group",
            "tags": null,
            "timeouts": null,
            "virtual_machine_id": ""
          },
          "sensitive_attributes": [],
          "identity_schema_version": 0,
          "private": "eyJlMmJmYjczMC1lY2FhLTExZTYtOGY4OC0zNDM2M2JjN2M0YzAiOnsiY3JlYXRlIjoxODAwMDAwMDAwMDAwLCJkZWxldGUiOjE4MDAwMDAwMDAwMDAsInJlYWQiOjMwMDAwMDAwMDAwMCwidXBkYXRlIjoxODAwMDAwMDAwMDAwfX0=",
          "dependencies": [
            "azurerm_resource_group.rg",
            "azurerm_subnet.subnet",
            "azurerm_virtual_network.vnet"
          ]
        }
      ]
    },
    {
      "mode": "managed",
      "type": "azurerm_network_interface_security_group_association",
      "name": "master_assoc",
      "provider": "provider[\"registry.terraform.io/hashicorp/azurerm\"]",
      "instances": [
        {
          "schema_version": 0,
          "attributes": {
            "id": "/subscriptions/d40d8beb-1741-4b53-9011-2487884a6a32/resourceGroups/kubernes-resource-group/providers/Microsoft.Network/networkInterfaces/master-nic|/subscriptions/d40d8beb-1741-4b53-9011-2487884a6a32/resourceGroups/kubernes-resource-group/providers/Microsoft.Network/networkSecurityGroups/k8s-nsg",
            "network_interface_id": "/subscriptions/d40d8beb-1741-4b53-9011-2487884a6a32/resourceGroups/kubernes-resource-group/providers/Microsoft.Network/networkInterfaces/master-nic",
            "network_security_group_id": "/subscriptions/d40d8beb-1741-4b53-9011-2487884a6a32/resourceGroups/kubernes-resource-group/providers/Microsoft.Network/networkSecurityGroups/k8s-nsg",
            "timeouts": null
          },
          "sensitive_attributes": [],
          "identity_schema_version": 0,
          "private": "eyJlMmJmYjczMC1lY2FhLTExZTYtOGY4OC0zNDM2M2JjN2M0YzAiOnsiY3JlYXRlIjoxODAwMDAwMDAwMDAwLCJkZWxldGUiOjE4MDAwMDAwMDAwMDAsInJlYWQiOjMwMDAwMDAwMDAwMH19",
          "dependencies": [
            "azurerm_network_interface.master_nic",
            "azurerm_network_security_group.nsg",
            "azurerm_public_ip.master_pip",
            "azurerm_resource_group.rg",
            "azurerm_subnet.subnet",
            "azurerm_virtual_network.vnet"
          ]
        }
      ]
    },
    {
      "mode": "managed",
      "type": "azurerm_network_interface_security_group_association",
      "name": "worker_assoc",
      "provider": "provider[\"registry.terraform.io/hashicorp/azurerm\"]",
      "instances": [
        {
          "index_key": 0,
          "schema_version": 0,
          "attributes": {
            "id": "/subscriptions/d40d8beb-1741-4b53-9011-2487884a6a32/resourceGroups/kubernes-resource-group/providers/Microsoft.Network/networkInterfaces/worker-nic-0|/subscriptions/d40d8beb-1741-4b53-9011-2487884a6a32/resourceGroups/kubernes-resource-group/providers/Microsoft.Network/networkSecurityGroups/k8s-nsg",
            "network_interface_id": "/subscriptions/d40d8beb-1741-4b53-9011-2487884a6a32/resourceGroups/kubernes-resource-group/providers/Microsoft.Network/networkInterfaces/worker-nic-0",
            "network_security_group_id": "/subscriptions/d40d8beb-1741-4b53-9011-2487884a6a32/resourceGroups/kubernes-resource-group/providers/Microsoft.Network/networkSecurityGroups/k8s-nsg",
            "timeouts": null
          },
          "sensitive_attributes": [],
          "identity_schema_version": 0,
          "private": "eyJlMmJmYjczMC1lY2FhLTExZTYtOGY4OC0zNDM2M2JjN2M0YzAiOnsiY3JlYXRlIjoxODAwMDAwMDAwMDAwLCJkZWxldGUiOjE4MDAwMDAwMDAwMDAsInJlYWQiOjMwMDAwMDAwMDAwMH19",
          "dependencies": [
            "azurerm_network_interface.worker_nic",
            "azurerm_network_security_group.nsg",
            "azurerm_resource_group.rg",
            "azurerm_subnet.subnet",
            "azurerm_virtual_network.vnet"
          ]
        },
        {
          "index_key": 1,
          "schema_version": 0,
          "attributes": {
            "id": "/subscriptions/d40d8beb-1741-4b53-9011-2487884a6a32/resourceGroups/kubernes-resource-group/providers/Microsoft.Network/networkInterfaces/worker-nic-1|/subscriptions/d40d8beb-1741-4b53-9011-2487884a6a32/resourceGroups/kubernes-resource-group/providers/Microsoft.Network/networkSecurityGroups/k8s-nsg",
            "network_interface_id": "/subscriptions/d40d8beb-1741-4b53-9011-2487884a6a32/resourceGroups/kubernes-resource-group/providers/Microsoft.Network/networkInterfaces/worker-nic-1",
            "network_security_group_id": "/subscriptions/d40d8beb-1741-4b53-9011-2487884a6a32/resourceGroups/kubernes-resource-group/providers/Microsoft.Network/networkSecurityGroups/k8s-nsg",
            "timeouts": null
          },
          "sensitive_attributes": [],
          "identity_schema_version": 0,
          "private": "eyJlMmJmYjczMC1lY2FhLTExZTYtOGY4OC0zNDM2M2JjN2M0YzAiOnsiY3JlYXRlIjoxODAwMDAwMDAwMDAwLCJkZWxldGUiOjE4MDAwMDAwMDAwMDAsInJlYWQiOjMwMDAwMDAwMDAwMH19",
          "dependencies": [
            "azurerm_network_interface.worker_nic",
            "azurerm_network_security_group.nsg",
            "azurerm_resource_group.rg",
            "azurerm_subnet.subnet",
            "azurerm_virtual_network.vnet"
          ]
        },
        {
          "index_key": 2,
          "schema_version": 0,
          "attributes": {
            "id": "/subscriptions/d40d8beb-1741-4b53-9011-2487884a6a32/resourceGroups/kubernes-resource-group/providers/Microsoft.Network/networkInterfaces/worker-nic-2|/subscriptions/d40d8beb-1741-4b53-9011-2487884a6a32/resourceGroups/kubernes-resource-group/providers/Microsoft.Network/networkSecurityGroups/k8s-nsg",
            "network_interface_id": "/subscriptions/d40d8beb-1741-4b53-9011-2487884a6a32/resourceGroups/kubernes-resource-group/providers/Microsoft.Network/networkInterfaces/worker-nic-2",
            "network_security_group_id": "/subscriptions/d40d8beb-1741-4b53-9011-2487884a6a32/resourceGroups/kubernes-resource-group/providers/Microsoft.Network/networkSecurityGroups/k8s-nsg",
            "timeouts": null
          },
          "sensitive_attributes": [],
          "identity_schema_version": 0,
          "private": "eyJlMmJmYjczMC1lY2FhLTExZTYtOGY4OC0zNDM2M2JjN2M0YzAiOnsiY3JlYXRlIjoxODAwMDAwMDAwMDAwLCJkZWxldGUiOjE4MDAwMDAwMDAwMDAsInJlYWQiOjMwMDAwMDAwMDAwMH19",
          "dependencies": [
            "azurerm_network_interface.worker_nic",
            "azurerm_network_security_group.nsg",
            "azurerm_resource_group.rg",
            "azurerm_subnet.subnet",
            "azurerm_virtual_network.vnet"
          ]
        }
      ]
    },
    {
      "mode": "managed",
      "type": "azurerm_network_security_group",
      "name": "nsg",
      "provider": "provider[\"registry.terraform.io/hashicorp/azurerm\"]",
      "instances": [
        {
          "schema_version": 0,
          "attributes": {
            "id": "/subscriptions/d40d8beb-1741-4b53-9011-2487884a6a32/resourceGroups/kubernes-resource-group/providers/Microsoft.Network/networkSecurityGroups/k8s-nsg",
            "location": "malaysiawest",
            "name": "k8s-nsg",
            "resource_group_name": "kubernes-resource-group",
            "security_rule": [
              {
                "access": "Allow",
                "description": "",
                "destination_address_prefix": "*",
                "destination_address_prefixes": [],
                "destination_application_security_group_ids": [],
                "destination_port_range": "22",
                "destination_port_ranges": [],
                "direction": "Inbound",
                "name": "SSH",
                "priority": 100,
                "protocol": "Tcp",
                "source_address_prefix": "*",
                "source_address_prefixes": [],
                "source_application_security_group_ids": [],
                "source_port_range": "*",
                "source_port_ranges": []
              },
              {
                "access": "Allow",
                "description": "",
                "destination_address_prefix": "*",
                "destination_address_prefixes": [],
                "destination_application_security_group_ids": [],
                "destination_port_range": "30000-32767",
                "destination_port_ranges": [],
                "direction": "Inbound",
                "name": "NodePort",
                "priority": 120,
                "protocol": "Tcp",
                "source_address_prefix": "*",
                "source_address_prefixes": [],
                "source_application_security_group_ids": [],
                "source_port_range": "*",
                "source_port_ranges": []
              },
              {
                "access": "Allow",
                "description": "",
                "destination_address_prefix": "*",
                "destination_address_prefixes": [],
                "destination_application_security_group_ids": [],
                "destination_port_range": "6443",
                "destination_port_ranges": [],
                "direction": "Inbound",
                "name": "K8s-API",
                "priority": 110,
                "protocol": "Tcp",
                "source_address_prefix": "*",
                "source_address_prefixes": [],
                "source_application_security_group_ids": [],
                "source_port_range": "*",
                "source_port_ranges": []
              }
            ],
            "tags": null,
            "timeouts": null
          },
          "sensitive_attributes": [],
          "identity_schema_version": 0,
          "private": "eyJlMmJmYjczMC1lY2FhLTExZTYtOGY4OC0zNDM2M2JjN2M0YzAiOnsiY3JlYXRlIjoxODAwMDAwMDAwMDAwLCJkZWxldGUiOjE4MDAwMDAwMDAwMDAsInJlYWQiOjMwMDAwMDAwMDAwMCwidXBkYXRlIjoxODAwMDAwMDAwMDAwfX0=",
          "dependencies": [
            "azurerm_resource_group.rg"
          ]
        }
      ]
    },
    {
      "mode": "managed",
      "type": "azurerm_public_ip",
      "name": "master_pip",
      "provider": "provider[\"registry.terraform.io/hashicorp/azurerm\"]",
      "instances": [
        {
          "schema_version": 0,
          "attributes": {
            "allocation_method": "Static",
            "ddos_protection_mode": "VirtualNetworkInherited",
            "ddos_protection_plan_id": null,
            "domain_name_label": null,
            "edge_zone": "",
            "fqdn": null,
            "id": "/subscriptions/d40d8beb-1741-4b53-9011-2487884a6a32/resourceGroups/kubernes-resource-group/providers/Microsoft.Network/publicIPAddresses/k8s-master-pip",
            "idle_timeout_in_minutes": 4,
            "ip_address": "85.211.240.116",
            "ip_tags": null,
            "ip_version": "IPv4",
            "location": "malaysiawest",
            "name": "k8s-master-pip",
            "public_ip_prefix_id": null,
            "resource_group_name": "kubernes-resource-group",
            "reverse_fqdn": null,
            "sku": "Standard",
            "sku_tier": "Regional",
            "tags": null,
            "timeouts": null,
            "zones": null
          },
          "sensitive_attributes": [],
          "identity_schema_version": 0,
          "private": "eyJlMmJmYjczMC1lY2FhLTExZTYtOGY4OC0zNDM2M2JjN2M0YzAiOnsiY3JlYXRlIjoxODAwMDAwMDAwMDAwLCJkZWxldGUiOjE4MDAwMDAwMDAwMDAsInJlYWQiOjMwMDAwMDAwMDAwMCwidXBkYXRlIjoxODAwMDAwMDAwMDAwfX0=",
          "dependencies": [
            "azurerm_resource_group.rg"
          ]
        }
      ]
    },
    {
      "mode": "managed",
      "type": "azurerm_resource_group",
      "name": "rg",
      "provider": "provider[\"registry.terraform.io/hashicorp/azurerm\"]",
      "instances": [
        {
          "schema_version": 0,
          "attributes": {
            "id": "/subscriptions/d40d8beb-1741-4b53-9011-2487884a6a32/resourceGroups/kubernes-resource-group",
            "location": "malaysiawest",
            "managed_by": "",
            "name": "kubernes-resource-group",
            "tags": null,
            "timeouts": null
          },
          "sensitive_attributes": [],
          "identity_schema_version": 0,
          "private": "eyJlMmJmYjczMC1lY2FhLTExZTYtOGY4OC0zNDM2M2JjN2M0YzAiOnsiY3JlYXRlIjo1NDAwMDAwMDAwMDAwLCJkZWxldGUiOjU0MDAwMDAwMDAwMDAsInJlYWQiOjMwMDAwMDAwMDAwMCwidXBkYXRlIjo1NDAwMDAwMDAwMDAwfX0="
        }
      ]
    },
    {
      "mode": "managed",
      "type": "azurerm_subnet",
      "name": "subnet",
      "provider": "provider[\"registry.terraform.io/hashicorp/azurerm\"]",
      "instances": [
        {
          "schema_version": 0,
          "attributes": {
            "address_prefixes": [
              "10.0.1.0/24"
            ],
            "default_outbound_access_enabled": true,
            "delegation": [],
            "enforce_private_link_endpoint_network_policies": false,
            "enforce_private_link_service_network_policies": false,
            "id": "/subscriptions/d40d8beb-1741-4b53-9011-2487884a6a32/resourceGroups/kubernes-resource-group/providers/Microsoft.Network/virtualNetworks/k8s-vnet/subnets/k8s-subnet",
            "name": "k8s-subnet",
            "private_endpoint_network_policies": "Enabled",
            "private_endpoint_network_policies_enabled": true,
            "private_link_service_network_policies_enabled": true,
            "resource_group_name": "kubernes-resource-group",
            "service_endpoint_policy_ids": null,
            "service_endpoints": null,
            "timeouts": null,
            "virtual_network_name": "k8s-vnet"
          },
          "sensitive_attributes": [],
          "identity_schema_version": 0,
          "private": "eyJlMmJmYjczMC1lY2FhLTExZTYtOGY4OC0zNDM2M2JjN2M0YzAiOnsiY3JlYXRlIjoxODAwMDAwMDAwMDAwLCJkZWxldGUiOjE4MDAwMDAwMDAwMDAsInJlYWQiOjMwMDAwMDAwMDAwMCwidXBkYXRlIjoxODAwMDAwMDAwMDAwfX0=",
          "dependencies": [
            "azurerm_resource_group.rg",
            "azurerm_virtual_network.vnet"
          ]
        }
      ]
    },
    {
      "mode": "managed",
      "type": "azurerm_virtual_network",
      "name": "vnet",
      "provider": "provider[\"registry.terraform.io/hashicorp/azurerm\"]",
      "instances": [
        {
          "schema_version": 0,
          "attributes": {
            "address_space": [
              "10.0.0.0/16"
            ],
            "bgp_community": "",
            "ddos_protection_plan": [],
            "dns_servers": [],
            "edge_zone": "",
            "encryption": [],
            "flow_timeout_in_minutes": 0,
            "guid": "7bf531b4-0d07-4a74-99d2-e23096e87c9e",
            "id": "/subscriptions/d40d8beb-1741-4b53-9011-2487884a6a32/resourceGroups/kubernes-resource-group/providers/Microsoft.Network/virtualNetworks/k8s-vnet",
            "location": "malaysiawest",
            "name": "k8s-vnet",
            "resource_group_name": "kubernes-resource-group",
            "subnet": [],
            "tags": null,
            "timeouts": null
          },
          "sensitive_attributes": [],
          "identity_schema_version": 0,
          "private": "eyJlMmJmYjczMC1lY2FhLTExZTYtOGY4OC0zNDM2M2JjN2M0YzAiOnsiY3JlYXRlIjoxODAwMDAwMDAwMDAwLCJkZWxldGUiOjE4MDAwMDAwMDAwMDAsInJlYWQiOjMwMDAwMDAwMDAwMCwidXBkYXRlIjoxODAwMDAwMDAwMDAwfX0=",
          "dependencies": [
            "azurerm_resource_group.rg"
          ]
        }
      ]
    }
  ],
  "check_results": null
}
